// !$*UTF8*$!
{
	archiveVersion = 1;
	classes = {
	};
	objectVersion = 77;
	objects = {

/* Begin PBXFileReference section */
		7C5894AB2FB6D30800FA2EAD /* 2026-04-01.json */ = {isa = PBXFileReference; lastKnownFileType = text.json; path = "2026-04-01.json"; sourceTree = "<group>"; };
		7C5894AC2FB6D30800FA2EAD /* 2026-04-02.json */ = {isa = PBXFileReference; lastKnownFileType = text.json; path = "2026-04-02.json"; sourceTree = "<group>"; };
		7C5894AD2FB6D30800FA2EAD /* 2026-04-03.json */ = {isa = PBXFileReference; lastKnownFileType = text.json; path = "2026-04-03.json"; sourceTree = "<group>"; };
		7C5894AE2FB6D30800FA2EAD /* 2026-04-04.json */ = {isa = PBXFileReference; lastKnownFileType = text.json; path = "2026-04-04.json"; sourceTree = "<group>"; };
		7C5894AF2FB6D30800FA2EAD /* 2026-04-05.json */ = {isa = PBXFileReference; lastKnownFileType = text.json; path = "2026-04-05.json"; sourceTree = "<group>"; };
		7C5894B02FB6D30800FA2EAD /* 2026-04-06.json */ = {isa = PBXFileReference; lastKnownFileType = text.json; path = "2026-04-06.json"; sourceTree = "<group>"; };
		7C5894B12FB6D30800FA2EAD /* 2026-04-07.json */ = {isa = PBXFileReference; lastKnownFileType = text.json; path = "2026-04-07.json"; sourceTree = "<group>"; };
		7C5894B22FB6D30800FA2EAD /* 2026-04-08.json */ = {isa = PBXFileReference; lastKnownFileType = text.json; path = "2026-04-08.json"; sourceTree = "<group>"; };
		7C5894B32FB6D30800FA2EAD /* 2026-04-09.json */ = {isa = PBXFileReference; lastKnownFileType = text.json; path = "2026-04-09.json"; sourceTree = "<group>"; };
		7C5894B42FB6D30800FA2EAD /* 2026-04-10.json */ = {isa = PBXFileReference; lastKnownFileType = text.json; path = "2026-04-10.json"; sourceTree = "<group>"; };
		7C5894B52FB6D30800FA2EAD /* 2026-04-11.json */ = {isa = PBXFileReference; lastKnownFileType = text.json; path = "2026-04-11.json"; sourceTree = "<group>"; };
		7C5894B62FB6D30800FA2EAD /* 2026-04-12.json */ = {isa = PBXFileReference; lastKnownFileType = text.json; path = "2026-04-12.json"; sourceTree = "<group>"; };
		7C5894B72FB6D30800FA2EAD /* 2026-04-13.json */ = {isa = PBXFileReference; lastKnownFileType = text.json; path = "2026-04-13.json"; sourceTree = "<group>"; };
		7C5894B82FB6D30800FA2EAD /* 2026-04-14.json */ = {isa = PBXFileReference; lastKnownFileType = text.json; path = "2026-04-14.json"; sourceTree = "<group>"; };
		7C5894B92FB6D30800FA2EAD /* 2026-04-15.json */ = {isa = PBXFileReference; lastKnownFileType = text.json; path = "2026-04-15.json"; sourceTree = "<group>"; };
		7C5894BA2FB6D30800FA2EAD /* 2026-04-16.json */ = {isa = PBXFileReference; lastKnownFileType = text.json; path = "2026-04-16.json"; sourceTree = "<group>"; };
		7C5894BB2FB6D30800FA2EAD /* 2026-04-17.json */ = {isa = PBXFileReference; lastKnownFileType = text.json; path = "2026-04-17.json"; sourceTree = "<group>"; };
		7C5894BC2FB6D30800FA2EAD /* 2026-04-18.json */ = {isa = PBXFileReference; lastKnownFileType = text.json; path = "2026-04-18.json"; sourceTree = "<group>"; };
		7C5894BD2FB6D30800FA2EAD /* 2026-04-19.json */ = {isa = PBXFileReference; lastKnownFileType = text.json; path = "2026-04-19.json"; sourceTree = "<group>"; };
		7C5894BE2FB6D30800FA2EAD /* 2026-04-20.json */ = {isa = PBXFileReference; lastKnownFileType = text.json; path = "2026-04-20.json"; sourceTree = "<group>"; };
		7C5894BF2FB6D30800FA2EAD /* 2026-04-21.json */ = {isa = PBXFileReference; lastKnownFileType = text.json; path = "2026-04-21.json"; sourceTree = "<group>"; };
		7C5894C02FB6D30800FA2EAD /* 2026-04-22.json */ = {isa = PBXFileReference; lastKnownFileType = text.json; path = "2026-04-22.json"; sourceTree = "<group>"; };
		7C5894C12FB6D30800FA2EAD /* 2026-04-23.json */ = {isa = PBXFileReference; lastKnownFileType = text.json; path = "2026-04-23.json"; sourceTree = "<group>"; };
		7C5894C22FB6D30800FA2EAD /* 2026-04-24.json */ = {isa = PBXFileReference; lastKnownFileType = text.json; path = "2026-04-24.json"; sourceTree = "<group>"; };
		7C5894C32FB6D30800FA2EAD /* 2026-04-25.json */ = {isa = PBXFileReference; lastKnownFileType = text.json; path = "2026-04-25.json"; sourceTree = "<group>"; };
		7C5894C42FB6D30800FA2EAD /* 2026-04-26.json */ = {isa = PBXFileReference; lastKnownFileType = text.json; path = "2026-04-26.json"; sourceTree = "<group>"; };
		7C5894C52FB6D30800FA2EAD /* 2026-04-27.json */ = {isa = PBXFileReference; lastKnownFileType = text.json; path = "2026-04-27.json"; sourceTree = "<group>"; };
		7C5894C62FB6D30800FA2EAD /* 2026-04-28.json */ = {isa = PBXFileReference; lastKnownFileType = text.json; path = "2026-04-28.json"; sourceTree = "<group>"; };
		7C5894C72FB6D30800FA2EAD /* 2026-04-29.json */ = {isa = PBXFileReference; lastKnownFileType = text.json; path = "2026-04-29.json"; sourceTree = "<group>"; };
		7C5894C82FB6D30800FA2EAD /* 2026-04-30.json */ = {isa = PBXFileReference; lastKnownFileType = text.json; path = "2026-04-30.json"; sourceTree = "<group>"; };
		7C5894C92FB6D30800FA2EAD /* 2026-05-01.json */ = {isa = PBXFileReference; lastKnownFileType = text.json; path = "2026-05-01.json"; sourceTree = "<group>"; };
		7C5894CA2FB6D30800FA2EAD /* 2026-05-02.json */ = {isa = PBXFileReference; lastKnownFileType = text.json; path = "2026-05-02.json"; sourceTree = "<group>"; };
		7C5894CB2FB6D30800FA2EAD /* 2026-05-03.json */ = {isa = PBXFileReference; lastKnownFileType = text.json; path = "2026-05-03.json"; sourceTree = "<group>"; };
		7C5894CC2FB6D30800FA2EAD /* 2026-05-04.json */ = {isa = PBXFileReference; lastKnownFileType = text.json; path = "2026-05-04.json"; sourceTree = "<group>"; };
		7C5894CD2FB6D30800FA2EAD /* 2026-05-05.json */ = {isa = PBXFileReference; lastKnownFileType = text.json; path = "2026-05-05.json"; sourceTree = "<group>"; };
		7C5894CE2FB6D30800FA2EAD /* 2026-05-06.json */ = {isa = PBXFileReference; lastKnownFileType = text.json; path = "2026-05-06.json"; sourceTree = "<group>"; };
		7C5894CF2FB6D30800FA2EAD /* 2026-05-07.json */ = {isa = PBXFileReference; lastKnownFileType = text.json; path = "2026-05-07.json"; sourceTree = "<group>"; };
		7C5894D02FB6D30800FA2EAD /* 2026-05-08.json */ = {isa = PBXFileReference; lastKnownFileType = text.json; path = "2026-05-08.json"; sourceTree = "<group>"; };
		7C5894D12FB6D30800FA2EAD /* 2026-05-09.json */ = {isa = PBXFileReference; lastKnownFileType = text.json; path = "2026-05-09.json"; sourceTree = "<group>"; };
		7C5894D22FB6D30800FA2EAD /* 2026-05-10.json */ = {isa = PBXFileReference; lastKnownFileType = text.json; path = "2026-05-10.json"; sourceTree = "<group>"; };
		7C5894D32FB6D30800FA2EAD /* 2026-05-11.json */ = {isa = PBXFileReference; lastKnownFileType = text.json; path = "2026-05-11.json"; sourceTree = "<group>"; };
		7C5894D42FB6D30800FA2EAD /* 2026-05-12.json */ = {isa = PBXFileReference; lastKnownFileType = text.json; path = "2026-05-12.json"; sourceTree = "<group>"; };
		7C5894D52FB6D30800FA2EAD /* 2026-05-13.json */ = {isa = PBXFileReference; lastKnownFileType = text.json; path = "2026-05-13.json"; sourceTree = "<group>"; };
		7C5894D62FB6D30800FA2EAD /* 2026-05-14.json */ = {isa = PBXFileReference; lastKnownFileType = text.json; path = "2026-05-14.json"; sourceTree = "<group>"; };
		7C5894D72FB6D30800FA2EAD /* 2026-05-15.json */ = {isa = PBXFileReference; lastKnownFileType = text.json; path = "2026-05-15.json"; sourceTree = "<group>"; };
		7C5894D82FB6D30800FA2EAD /* 2026-05-16.json */ = {isa = PBXFileReference; lastKnownFileType = text.json; path = "2026-05-16.json"; sourceTree = "<group>"; };
		7C5894D92FB6D30800FA2EAD /* 2026-05-17.json */ = {isa = PBXFileReference; lastKnownFileType = text.json; path = "2026-05-17.json"; sourceTree = "<group>"; };
		7C5894DA2FB6D30800FA2EAD /* 2026-05-18.json */ = {isa = PBXFileReference; lastKnownFileType = text.json; path = "2026-05-18.json"; sourceTree = "<group>"; };
		7C5894DB2FB6D30800FA2EAD /* 2026-05-19.json */ = {isa = PBXFileReference; lastKnownFileType = text.json; path = "2026-05-19.json"; sourceTree = "<group>"; };
		7C5894DC2FB6D30800FA2EAD /* 2026-05-20.json */ = {isa = PBXFileReference; lastKnownFileType = text.json; path = "2026-05-20.json"; sourceTree = "<group>"; };
		7C5894DD2FB6D30800FA2EAD /* 2026-05-21.json */ = {isa = PBXFileReference; lastKnownFileType = text.json; path = "2026-05-21.json"; sourceTree = "<group>"; };
		7C5894DE2FB6D30800FA2EAD /* 2026-05-22.json */ = {isa = PBXFileReference; lastKnownFileType = text.json; path = "2026-05-22.json"; sourceTree = "<group>"; };
		7C5894DF2FB6D30800FA2EAD /* 2026-05-23.json */ = {isa = PBXFileReference; lastKnownFileType = text.json; path = "2026-05-23.json"; sourceTree = "<group>"; };
		7C5894E02FB6D30800FA2EAD /* 2026-05-24.json */ = {isa = PBXFileReference; lastKnownFileType = text.json; path = "2026-05-24.json"; sourceTree = "<group>"; };
		7C5894E12FB6D30800FA2EAD /* 2026-05-25.json */ = {isa = PBXFileReference; lastKnownFileType = text.json; path = "2026-05-25.json"; sourceTree = "<group>"; };
		7C5894E22FB6D30800FA2EAD /* 2026-05-26.json */ = {isa = PBXFileReference; lastKnownFileType = text.json; path = "2026-05-26.json"; sourceTree = "<group>"; };
		7C5894E32FB6D30800FA2EAD /* 2026-05-27.json */ = {isa = PBXFileReference; lastKnownFileType = text.json; path = "2026-05-27.json"; sourceTree = "<group>"; };
		7C5894E42FB6D30800FA2EAD /* 2026-05-28.json */ = {isa = PBXFileReference; lastKnownFileType = text.json; path = "2026-05-28.json"; sourceTree = "<group>"; };
		7C8944BE2F71BC6700BEFFB2 /* README.md */ = {isa = PBXFileReference; lastKnownFileType = net.daringfireball.markdown; path = README.md; sourceTree = "<group>"; };
		7C8944F12F71C25B00BEFFB2 /* manifest.json */ = {isa = PBXFileReference; lastKnownFileType = text.json; path = manifest.json; sourceTree = "<group>"; };
/* End PBXFileReference section */

/* Begin PBXFileSystemSynchronizedRootGroup section */
		7C8944F02F71BCF300BEFFB2 /* schemas */ = {
			isa = PBXFileSystemSynchronizedRootGroup;
			path = schemas;
			sourceTree = "<group>";
		};
/* End PBXFileSystemSynchronizedRootGroup section */

/* Begin PBXGroup section */
		7C8944B32F71B98E00BEFFB2 = {
			isa = PBXGroup;
			children = (
				7C8944BD2F71BC6700BEFFB2 /* docs */,
				7C8944BE2F71BC6700BEFFB2 /* README.md */,
				7C8944F02F71BCF300BEFFB2 /* schemas */,
			);
			sourceTree = "<group>";
		};
		7C8944BC2F71BC6700BEFFB2 /* days */ = {
			isa = PBXGroup;
			children = (
				7C5894AB2FB6D30800FA2EAD /* 2026-04-01.json */,
				7C5894AC2FB6D30800FA2EAD /* 2026-04-02.json */,
				7C5894AD2FB6D30800FA2EAD /* 2026-04-03.json */,
				7C5894AE2FB6D30800FA2EAD /* 2026-04-04.json */,
				7C5894AF2FB6D30800FA2EAD /* 2026-04-05.json */,
				7C5894B02FB6D30800FA2EAD /* 2026-04-06.json */,
				7C5894B12FB6D30800FA2EAD /* 2026-04-07.json */,
				7C5894B22FB6D30800FA2EAD /* 2026-04-08.json */,
				7C5894B32FB6D30800FA2EAD /* 2026-04-09.json */,
				7C5894B42FB6D30800FA2EAD /* 2026-04-10.json */,
				7C5894B52FB6D30800FA2EAD /* 2026-04-11.json */,
				7C5894B62FB6D30800FA2EAD /* 2026-04-12.json */,
				7C5894B72FB6D30800FA2EAD /* 2026-04-13.json */,
				7C5894B82FB6D30800FA2EAD /* 2026-04-14.json */,
				7C5894B92FB6D30800FA2EAD /* 2026-04-15.json */,
				7C5894BA2FB6D30800FA2EAD /* 2026-04-16.json */,
				7C5894BB2FB6D30800FA2EAD /* 2026-04-17.json */,
				7C5894BC2FB6D30800FA2EAD /* 2026-04-18.json */,
				7C5894BD2FB6D30800FA2EAD /* 2026-04-19.json */,
				7C5894BE2FB6D30800FA2EAD /* 2026-04-20.json */,
				7C5894BF2FB6D30800FA2EAD /* 2026-04-21.json */,
				7C5894C02FB6D30800FA2EAD /* 2026-04-22.json */,
				7C5894C12FB6D30800FA2EAD /* 2026-04-23.json */,
				7C5894C22FB6D30800FA2EAD /* 2026-04-24.json */,
				7C5894C32FB6D30800FA2EAD /* 2026-04-25.json */,
				7C5894C42FB6D30800FA2EAD /* 2026-04-26.json */,
				7C5894C52FB6D30800FA2EAD /* 2026-04-27.json */,
				7C5894C62FB6D30800FA2EAD /* 2026-04-28.json */,
				7C5894C72FB6D30800FA2EAD /* 2026-04-29.json */,
				7C5894C82FB6D30800FA2EAD /* 2026-04-30.json */,
				7C5894C92FB6D30800FA2EAD /* 2026-05-01.json */,
				7C5894CA2FB6D30800FA2EAD /* 2026-05-02.json */,
				7C5894CB2FB6D30800FA2EAD /* 2026-05-03.json */,
				7C5894CC2FB6D30800FA2EAD /* 2026-05-04.json */,
				7C5894CD2FB6D30800FA2EAD /* 2026-05-05.json */,
				7C5894CE2FB6D30800FA2EAD /* 2026-05-06.json */,
				7C5894CF2FB6D30800FA2EAD /* 2026-05-07.json */,
				7C5894D02FB6D30800FA2EAD /* 2026-05-08.json */,
				7C5894D12FB6D30800FA2EAD /* 2026-05-09.json */,
				7C5894D22FB6D30800FA2EAD /* 2026-05-10.json */,
				7C5894D32FB6D30800FA2EAD /* 2026-05-11.json */,
				7C5894D42FB6D30800FA2EAD /* 2026-05-12.json */,
				7C5894D52FB6D30800FA2EAD /* 2026-05-13.json */,
				7C5894D62FB6D30800FA2EAD /* 2026-05-14.json */,
				7C5894D72FB6D30800FA2EAD /* 2026-05-15.json */,
				7C5894D82FB6D30800FA2EAD /* 2026-05-16.json */,
				7C5894D92FB6D30800FA2EAD /* 2026-05-17.json */,
				7C5894DA2FB6D30800FA2EAD /* 2026-05-18.json */,
				7C5894DB2FB6D30800FA2EAD /* 2026-05-19.json */,
				7C5894DC2FB6D30800FA2EAD /* 2026-05-20.json */,
				7C5894DD2FB6D30800FA2EAD /* 2026-05-21.json */,
				7C5894DE2FB6D30800FA2EAD /* 2026-05-22.json */,
				7C5894DF2FB6D30800FA2EAD /* 2026-05-23.json */,
				7C5894E02FB6D30800FA2EAD /* 2026-05-24.json */,
				7C5894E12FB6D30800FA2EAD /* 2026-05-25.json */,
				7C5894E22FB6D30800FA2EAD /* 2026-05-26.json */,
				7C5894E32FB6D30800FA2EAD /* 2026-05-27.json */,
				7C5894E42FB6D30800FA2EAD /* 2026-05-28.json */,
			);
			path = days;
			sourceTree = "<group>";
		};
		7C8944BD2F71BC6700BEFFB2 /* docs */ = {
			isa = PBXGroup;
			children = (
				7C8944BC2F71BC6700BEFFB2 /* days */,
				7C8944F12F71C25B00BEFFB2 /* manifest.json */,
			);
			path = docs;
			sourceTree = "<group>";
		};
/* End PBXGroup section */

/* Begin PBXProject section */
		7C8944B42F71B98E00BEFFB2 /* Project object */ = {
			isa = PBXProject;
			attributes = {
				BuildIndependentTargetsInParallel = 1;
				LastUpgradeCheck = 2630;
			};
			buildConfigurationList = 7C8944B72F71B98E00BEFFB2 /* Build configuration list for PBXProject "vwlssdailychallenges" */;
			developmentRegion = en;
			hasScannedForEncodings = 0;
			knownRegions = (
				en,
				Base,
			);
			mainGroup = 7C8944B32F71B98E00BEFFB2;
			minimizedProjectReferenceProxies = 1;
			preferredProjectObjectVersion = 77;
			projectDirPath = "";
			projectRoot = "";
			targets = (
			);
		};
/* End PBXProject section */

/* Begin XCBuildConfiguration section */
		7C8944B82F71B98E00BEFFB2 /* Debug */ = {
			isa = XCBuildConfiguration;
			buildSettings = {
				DEVELOPMENT_TEAM = 35WBSNTYQM;
			};
			name = Debug;
		};
		7C8944B92F71B98E00BEFFB2 /* Release */ = {
			isa = XCBuildConfiguration;
			buildSettings = {
				DEVELOPMENT_TEAM = 35WBSNTYQM;
			};
			name = Release;
		};
/* End XCBuildConfiguration section */

/* Begin XCConfigurationList section */
		7C8944B72F71B98E00BEFFB2 /* Build configuration list for PBXProject "vwlssdailychallenges" */ = {
			isa = XCConfigurationList;
			buildConfigurations = (
				7C8944B82F71B98E00BEFFB2 /* Debug */,
				7C8944B92F71B98E00BEFFB2 /* Release */,
			);
			defaultConfigurationIsVisible = 0;
			defaultConfigurationName = Release;
		};
/* End XCConfigurationList section */
	};
	rootObject = 7C8944B42F71B98E00BEFFB2 /* Project object */;
}
