// !$*UTF8*$!
{
	archiveVersion = 1;
	classes = {
	};
	objectVersion = 77;
	objects = {

/* Begin PBXFileReference section */
		7C768B372F8A8CCC00356549 /* 2026-03-28.json */ = {isa = PBXFileReference; lastKnownFileType = text.json; path = "2026-03-28.json"; sourceTree = "<group>"; };
		7C768B382F8A8CCC00356549 /* 2026-03-29.json */ = {isa = PBXFileReference; lastKnownFileType = text.json; path = "2026-03-29.json"; sourceTree = "<group>"; };
		7C768B392F8A8CCC00356549 /* 2026-03-30.json */ = {isa = PBXFileReference; lastKnownFileType = text.json; path = "2026-03-30.json"; sourceTree = "<group>"; };
		7C768B3A2F8A8CCC00356549 /* 2026-03-31.json */ = {isa = PBXFileReference; lastKnownFileType = text.json; path = "2026-03-31.json"; sourceTree = "<group>"; };
		7C768B3B2F8A8CCC00356549 /* 2026-04-01.json */ = {isa = PBXFileReference; lastKnownFileType = text.json; path = "2026-04-01.json"; sourceTree = "<group>"; };
		7C768B3C2F8A8CCC00356549 /* 2026-04-02.json */ = {isa = PBXFileReference; lastKnownFileType = text.json; path = "2026-04-02.json"; sourceTree = "<group>"; };
		7C768B3D2F8A8CCC00356549 /* 2026-04-03.json */ = {isa = PBXFileReference; lastKnownFileType = text.json; path = "2026-04-03.json"; sourceTree = "<group>"; };
		7C768B3E2F8A8CCC00356549 /* 2026-04-04.json */ = {isa = PBXFileReference; lastKnownFileType = text.json; path = "2026-04-04.json"; sourceTree = "<group>"; };
		7C768B3F2F8A8CCC00356549 /* 2026-04-05.json */ = {isa = PBXFileReference; lastKnownFileType = text.json; path = "2026-04-05.json"; sourceTree = "<group>"; };
		7C768B402F8A8CCC00356549 /* 2026-04-06.json */ = {isa = PBXFileReference; lastKnownFileType = text.json; path = "2026-04-06.json"; sourceTree = "<group>"; };
		7C768B412F8A8CCC00356549 /* 2026-04-07.json */ = {isa = PBXFileReference; lastKnownFileType = text.json; path = "2026-04-07.json"; sourceTree = "<group>"; };
		7C768B422F8A8CCC00356549 /* 2026-04-08.json */ = {isa = PBXFileReference; lastKnownFileType = text.json; path = "2026-04-08.json"; sourceTree = "<group>"; };
		7C768B432F8A8CCC00356549 /* 2026-04-09.json */ = {isa = PBXFileReference; lastKnownFileType = text.json; path = "2026-04-09.json"; sourceTree = "<group>"; };
		7C768B442F8A8CCC00356549 /* 2026-04-10.json */ = {isa = PBXFileReference; lastKnownFileType = text.json; path = "2026-04-10.json"; sourceTree = "<group>"; };
		7C768B452F8A8CCC00356549 /* 2026-04-11.json */ = {isa = PBXFileReference; lastKnownFileType = text.json; path = "2026-04-11.json"; sourceTree = "<group>"; };
		7C768B462F8A8CCC00356549 /* 2026-04-12.json */ = {isa = PBXFileReference; lastKnownFileType = text.json; path = "2026-04-12.json"; sourceTree = "<group>"; };
		7C768B472F8A8CCC00356549 /* 2026-04-13.json */ = {isa = PBXFileReference; lastKnownFileType = text.json; path = "2026-04-13.json"; sourceTree = "<group>"; };
		7C768B482F8A8CCC00356549 /* 2026-04-14.json */ = {isa = PBXFileReference; lastKnownFileType = text.json; path = "2026-04-14.json"; sourceTree = "<group>"; };
		7C768B492F8A8CCC00356549 /* 2026-04-15.json */ = {isa = PBXFileReference; lastKnownFileType = text.json; path = "2026-04-15.json"; sourceTree = "<group>"; };
		7C768B4A2F8A8CCC00356549 /* 2026-04-16.json */ = {isa = PBXFileReference; lastKnownFileType = text.json; path = "2026-04-16.json"; sourceTree = "<group>"; };
		7C768B4B2F8A8CCC00356549 /* 2026-04-17.json */ = {isa = PBXFileReference; lastKnownFileType = text.json; path = "2026-04-17.json"; sourceTree = "<group>"; };
		7C768B4C2F8A8CCC00356549 /* 2026-04-18.json */ = {isa = PBXFileReference; lastKnownFileType = text.json; path = "2026-04-18.json"; sourceTree = "<group>"; };
		7C768B4D2F8A8CCC00356549 /* 2026-04-19.json */ = {isa = PBXFileReference; lastKnownFileType = text.json; path = "2026-04-19.json"; sourceTree = "<group>"; };
		7C768B4E2F8A8CCC00356549 /* 2026-04-20.json */ = {isa = PBXFileReference; lastKnownFileType = text.json; path = "2026-04-20.json"; sourceTree = "<group>"; };
		7C768B4F2F8A8CCC00356549 /* 2026-04-21.json */ = {isa = PBXFileReference; lastKnownFileType = text.json; path = "2026-04-21.json"; sourceTree = "<group>"; };
		7C768B502F8A8CCC00356549 /* 2026-04-22.json */ = {isa = PBXFileReference; lastKnownFileType = text.json; path = "2026-04-22.json"; sourceTree = "<group>"; };
		7C768B512F8A8CCC00356549 /* 2026-04-23.json */ = {isa = PBXFileReference; lastKnownFileType = text.json; path = "2026-04-23.json"; sourceTree = "<group>"; };
		7C768B522F8A8CCC00356549 /* 2026-04-24.json */ = {isa = PBXFileReference; lastKnownFileType = text.json; path = "2026-04-24.json"; sourceTree = "<group>"; };
		7C768B532F8A8CCC00356549 /* 2026-04-25.json */ = {isa = PBXFileReference; lastKnownFileType = text.json; path = "2026-04-25.json"; sourceTree = "<group>"; };
		7C768B542F8A8CCC00356549 /* 2026-04-26.json */ = {isa = PBXFileReference; lastKnownFileType = text.json; path = "2026-04-26.json"; sourceTree = "<group>"; };
		7C768B552F8A8CCC00356549 /* 2026-04-27.json */ = {isa = PBXFileReference; lastKnownFileType = text.json; path = "2026-04-27.json"; sourceTree = "<group>"; };
		7C768B562F8A8CCC00356549 /* 2026-04-28.json */ = {isa = PBXFileReference; lastKnownFileType = text.json; path = "2026-04-28.json"; sourceTree = "<group>"; };
		7C768B572F8A8CCC00356549 /* 2026-04-29.json */ = {isa = PBXFileReference; lastKnownFileType = text.json; path = "2026-04-29.json"; sourceTree = "<group>"; };
		7C768B582F8A8CCC00356549 /* 2026-04-30.json */ = {isa = PBXFileReference; lastKnownFileType = text.json; path = "2026-04-30.json"; sourceTree = "<group>"; };
		7C8944BE2F71BC6700BEFFB2 /* README.md */ = {isa = PBXFileReference; lastKnownFileType = net.daringfireball.markdown; path = README.md; sourceTree = "<group>"; };
		7C8944BF2F71BC9700BEFFB2 /* 2026-03-18.json */ = {isa = PBXFileReference; lastKnownFileType = text.json; path = "2026-03-18.json"; sourceTree = "<group>"; };
		7C8944C02F71BC9700BEFFB2 /* 2026-03-19.json */ = {isa = PBXFileReference; lastKnownFileType = text.json; path = "2026-03-19.json"; sourceTree = "<group>"; };
		7C8944C12F71BC9700BEFFB2 /* 2026-03-20.json */ = {isa = PBXFileReference; lastKnownFileType = text.json; path = "2026-03-20.json"; sourceTree = "<group>"; };
		7C8944C22F71BC9700BEFFB2 /* 2026-03-21.json */ = {isa = PBXFileReference; lastKnownFileType = text.json; path = "2026-03-21.json"; sourceTree = "<group>"; };
		7C8944C32F71BC9700BEFFB2 /* 2026-03-22.json */ = {isa = PBXFileReference; lastKnownFileType = text.json; path = "2026-03-22.json"; sourceTree = "<group>"; };
		7C8944C42F71BC9700BEFFB2 /* 2026-03-23.json */ = {isa = PBXFileReference; lastKnownFileType = text.json; path = "2026-03-23.json"; sourceTree = "<group>"; };
		7C8944C52F71BC9700BEFFB2 /* 2026-03-24.json */ = {isa = PBXFileReference; lastKnownFileType = text.json; path = "2026-03-24.json"; sourceTree = "<group>"; };
		7C8944C62F71BC9700BEFFB2 /* 2026-03-25.json */ = {isa = PBXFileReference; lastKnownFileType = text.json; path = "2026-03-25.json"; sourceTree = "<group>"; };
		7C8944C72F71BC9700BEFFB2 /* 2026-03-26.json */ = {isa = PBXFileReference; lastKnownFileType = text.json; path = "2026-03-26.json"; sourceTree = "<group>"; };
		7C8944C82F71BC9700BEFFB2 /* 2026-03-27.json */ = {isa = PBXFileReference; lastKnownFileType = text.json; path = "2026-03-27.json"; sourceTree = "<group>"; };
		7C8944EB2F71BC9700BEFFB2 /* 2026-03-17.json */ = {isa = PBXFileReference; lastKnownFileType = text.json; path = "2026-03-17.json"; sourceTree = "<group>"; };
		7C8944F12F71C25B00BEFFB2 /* manifest.json */ = {isa = PBXFileReference; lastKnownFileType = text.json; path = manifest.json; sourceTree = "<group>"; };
/* End PBXFileReference section */

/* Begin PBXFileSystemSynchronizedRootGroup section */
		7C8944F02F71BCF300BEFFB2 /* schemas */ = {
			isa = PBXFileSystemSynchronizedRootGroup;
			path = schemas;
			sourceTree = "<group>";
		};
/* End PBXFileSystemSynchronizedRootGroup section */

/* Begin PBXGroup section */
		7C8944B32F71B98E00BEFFB2 = {
			isa = PBXGroup;
			children = (
				7C8944BD2F71BC6700BEFFB2 /* docs */,
				7C8944BE2F71BC6700BEFFB2 /* README.md */,
				7C8944F02F71BCF300BEFFB2 /* schemas */,
			);
			sourceTree = "<group>";
		};
		7C8944BC2F71BC6700BEFFB2 /* days */ = {
			isa = PBXGroup;
			children = (
				7C8944EB2F71BC9700BEFFB2 /* 2026-03-17.json */,
				7C8944BF2F71BC9700BEFFB2 /* 2026-03-18.json */,
				7C8944C02F71BC9700BEFFB2 /* 2026-03-19.json */,
				7C8944C12F71BC9700BEFFB2 /* 2026-03-20.json */,
				7C8944C22F71BC9700BEFFB2 /* 2026-03-21.json */,
				7C8944C32F71BC9700BEFFB2 /* 2026-03-22.json */,
				7C8944C42F71BC9700BEFFB2 /* 2026-03-23.json */,
				7C8944C52F71BC9700BEFFB2 /* 2026-03-24.json */,
				7C8944C62F71BC9700BEFFB2 /* 2026-03-25.json */,
				7C8944C72F71BC9700BEFFB2 /* 2026-03-26.json */,
				7C8944C82F71BC9700BEFFB2 /* 2026-03-27.json */,
				7C768B372F8A8CCC00356549 /* 2026-03-28.json */,
				7C768B382F8A8CCC00356549 /* 2026-03-29.json */,
				7C768B392F8A8CCC00356549 /* 2026-03-30.json */,
				7C768B3A2F8A8CCC00356549 /* 2026-03-31.json */,
				7C768B3B2F8A8CCC00356549 /* 2026-04-01.json */,
				7C768B3C2F8A8CCC00356549 /* 2026-04-02.json */,
				7C768B3D2F8A8CCC00356549 /* 2026-04-03.json */,
				7C768B3E2F8A8CCC00356549 /* 2026-04-04.json */,
				7C768B3F2F8A8CCC00356549 /* 2026-04-05.json */,
				7C768B402F8A8CCC00356549 /* 2026-04-06.json */,
				7C768B412F8A8CCC00356549 /* 2026-04-07.json */,
				7C768B422F8A8CCC00356549 /* 2026-04-08.json */,
				7C768B432F8A8CCC00356549 /* 2026-04-09.json */,
				7C768B442F8A8CCC00356549 /* 2026-04-10.json */,
				7C768B452F8A8CCC00356549 /* 2026-04-11.json */,
				7C768B462F8A8CCC00356549 /* 2026-04-12.json */,
				7C768B472F8A8CCC00356549 /* 2026-04-13.json */,
				7C768B482F8A8CCC00356549 /* 2026-04-14.json */,
				7C768B492F8A8CCC00356549 /* 2026-04-15.json */,
				7C768B4A2F8A8CCC00356549 /* 2026-04-16.json */,
				7C768B4B2F8A8CCC00356549 /* 2026-04-17.json */,
				7C768B4C2F8A8CCC00356549 /* 2026-04-18.json */,
				7C768B4D2F8A8CCC00356549 /* 2026-04-19.json */,
				7C768B4E2F8A8CCC00356549 /* 2026-04-20.json */,
				7C768B4F2F8A8CCC00356549 /* 2026-04-21.json */,
				7C768B502F8A8CCC00356549 /* 2026-04-22.json */,
				7C768B512F8A8CCC00356549 /* 2026-04-23.json */,
				7C768B522F8A8CCC00356549 /* 2026-04-24.json */,
				7C768B532F8A8CCC00356549 /* 2026-04-25.json */,
				7C768B542F8A8CCC00356549 /* 2026-04-26.json */,
				7C768B552F8A8CCC00356549 /* 2026-04-27.json */,
				7C768B562F8A8CCC00356549 /* 2026-04-28.json */,
				7C768B572F8A8CCC00356549 /* 2026-04-29.json */,
				7C768B582F8A8CCC00356549 /* 2026-04-30.json */,
			);
			path = days;
			sourceTree = "<group>";
		};
		7C8944BD2F71BC6700BEFFB2 /* docs */ = {
			isa = PBXGroup;
			children = (
				7C8944BC2F71BC6700BEFFB2 /* days */,
				7C8944F12F71C25B00BEFFB2 /* manifest.json */,
			);
			path = docs;
			sourceTree = "<group>";
		};
/* End PBXGroup section */

/* Begin PBXProject section */
		7C8944B42F71B98E00BEFFB2 /* Project object */ = {
			isa = PBXProject;
			attributes = {
				BuildIndependentTargetsInParallel = 1;
				LastUpgradeCheck = 2630;
			};
			buildConfigurationList = 7C8944B72F71B98E00BEFFB2 /* Build configuration list for PBXProject "vwlssdailychallenges" */;
			developmentRegion = en;
			hasScannedForEncodings = 0;
			knownRegions = (
				en,
				Base,
			);
			mainGroup = 7C8944B32F71B98E00BEFFB2;
			minimizedProjectReferenceProxies = 1;
			preferredProjectObjectVersion = 77;
			projectDirPath = "";
			projectRoot = "";
			targets = (
			);
		};
/* End PBXProject section */

/* Begin XCBuildConfiguration section */
		7C8944B82F71B98E00BEFFB2 /* Debug */ = {
			isa = XCBuildConfiguration;
			buildSettings = {
				DEVELOPMENT_TEAM = 35WBSNTYQM;
			};
			name = Debug;
		};
		7C8944B92F71B98E00BEFFB2 /* Release */ = {
			isa = XCBuildConfiguration;
			buildSettings = {
				DEVELOPMENT_TEAM = 35WBSNTYQM;
			};
			name = Release;
		};
/* End XCBuildConfiguration section */

/* Begin XCConfigurationList section */
		7C8944B72F71B98E00BEFFB2 /* Build configuration list for PBXProject "vwlssdailychallenges" */ = {
			isa = XCConfigurationList;
			buildConfigurations = (
				7C8944B82F71B98E00BEFFB2 /* Debug */,
				7C8944B92F71B98E00BEFFB2 /* Release */,
			);
			defaultConfigurationIsVisible = 0;
			defaultConfigurationName = Release;
		};
/* End XCConfigurationList section */
	};
	rootObject = 7C8944B42F71B98E00BEFFB2 /* Project object */;
}
