// !$*UTF8*$!
{
	archiveVersion = 1;
	classes = {
	};
	objectVersion = 77;
	objects = {

/* Begin PBXGroup section */
		7C8944B32F71B98E00BEFFB2 = {
			isa = PBXGroup;
			children = (
			);
			sourceTree = "<group>";
		};
/* End PBXGroup section */

/* Begin PBXProject section */
		7C8944B42F71B98E00BEFFB2 /* Project object */ = {
			isa = PBXProject;
			attributes = {
				BuildIndependentTargetsInParallel = 1;
				LastUpgradeCheck = 2630;
			};
			buildConfigurationList = 7C8944B72F71B98E00BEFFB2 /* Build configuration list for PBXProject "vwlssdailychallenges" */;
			developmentRegion = en;
			hasScannedForEncodings = 0;
			knownRegions = (
				en,
				Base,
			);
			mainGroup = 7C8944B32F71B98E00BEFFB2;
			minimizedProjectReferenceProxies = 1;
			preferredProjectObjectVersion = 77;
			projectDirPath = "";
			projectRoot = "";
			targets = (
			);
		};
/* End PBXProject section */

/* Begin XCBuildConfiguration section */
		7C8944B82F71B98E00BEFFB2 /* Debug */ = {
			isa = XCBuildConfiguration;
			buildSettings = {
				DEVELOPMENT_TEAM = 35WBSNTYQM;
			};
			name = Debug;
		};
		7C8944B92F71B98E00BEFFB2 /* Release */ = {
			isa = XCBuildConfiguration;
			buildSettings = {
				DEVELOPMENT_TEAM = 35WBSNTYQM;
			};
			name = Release;
		};
/* End XCBuildConfiguration section */

/* Begin XCConfigurationList section */
		7C8944B72F71B98E00BEFFB2 /* Build configuration list for PBXProject "vwlssdailychallenges" */ = {
			isa = XCConfigurationList;
			buildConfigurations = (
				7C8944B82F71B98E00BEFFB2 /* Debug */,
				7C8944B92F71B98E00BEFFB2 /* Release */,
			);
			defaultConfigurationIsVisible = 0;
			defaultConfigurationName = Release;
		};
/* End XCConfigurationList section */
	};
	rootObject = 7C8944B42F71B98E00BEFFB2 /* Project object */;
}
